
Microsoft Visual Studio Solution File, Format Version 12.00
# Visual Studio Version 17
VisualStudioVersion = 17.0.31903.59
MinimumVisualStudioVersion = 10.0.40219.1
Project("{FAE04EC0-301F-11D3-BF4B-00C04F79EFBC}") = "RDRF.Core", "src\RDRF.Core\RDRF.Core.csproj", "{A1B2C3D4-E5F6-7890-ABCD-EF1234567890}"
EndProject
Project("{FAE04EC0-301F-11D3-BF4B-00C04F79EFBC}") = "RDRF.App", "src\RDRF.App\RDRF.App.csproj", "{C3D4E5F6-A7B8-9012-CDEF-123456789012}"
EndProject
Project("{FAE04EC0-301F-11D3-BF4B-00C04F79EFBC}") = "RDRF.Core.Tests", "tests\RDRF.Core.Tests\RDRF.Core.Tests.csproj", "{B2C3D4E5-F6A7-8901-BCDE-F12345678901}"
EndProject
Project("{2150E333-8FDC-42A3-9474-1A3956D46DE8}") = "src", "src", "{E3558952-DB4D-41FC-8072-84B020A795C4}"
EndProject
Project("{FAE04EC0-301F-11D3-BF4B-00C04F79EFBC}") = "RDRF.Cli", "src\RDRF.Cli\RDRF.Cli.csproj", "{E868820F-BCEE-4BD1-A23A-0BCE3CBA85CB}"
EndProject
Project("{FAE04EC0-301F-11D3-BF4B-00C04F79EFBC}") = "RDRF.Plugins.Key", "tools\RDRF.Plugins.Key\RDRF.Plugins.Key.csproj", "{631348EE-97AE-484F-A74B-36ED42D0FDA6}"
EndProject
Project("{FAE04EC0-301F-11D3-BF4B-00C04F79EFBC}") = "RDRF.Plugins.Path", "tools\RDRF.Plugins.Path\RDRF.Plugins.Path.csproj", "{D7106D09-67A6-4EF4-8642-373EE21054B7}"
EndProject
Project("{FAE04EC0-301F-11D3-BF4B-00C04F79EFBC}") = "RDRF.Plugins.Rest", "tools\RDRF.Plugins.Rest\RDRF.Plugins.Rest.csproj", "{54ABD176-23C2-406D-8041-035C3D09C04E}"
EndProject
Project("{FAE04EC0-301F-11D3-BF4B-00C04F79EFBC}") = "RDRF.Mcp.Core", "tools\RDRF.Mcp.Core\RDRF.Mcp.Core.csproj", "{BD15512E-C378-4695-B3B6-73839DE1128F}"
EndProject
Project("{FAE04EC0-301F-11D3-BF4B-00C04F79EFBC}") = "RDRF.Mcp.Wpf", "tools\RDRF.Mcp.Wpf\RDRF.Mcp.Wpf.csproj", "{75DFD43C-A630-41FB-BA5D-ED80DDACBAC4}"
EndProject
Project("{FAE04EC0-301F-11D3-BF4B-00C04F79EFBC}") = "DedupTest", "tools\DedupTest\DedupTest.csproj", "{55B6C0CF-3359-4B7D-844D-1D1F82D2067F}"
EndProject
Project("{FAE04EC0-301F-11D3-BF4B-00C04F79EFBC}") = "DuipSim", "tools\DuipSim\DuipSim.csproj", "{F44763ED-7F28-46AB-91C5-470FD1B8AC3A}"
EndProject
Project("{FAE04EC0-301F-11D3-BF4B-00C04F79EFBC}") = "EtnDemo", "tools\EtnDemo\EtnDemo.csproj", "{AE367306-689D-4584-B1F5-1354BF01946E}"
EndProject
Project("{FAE04EC0-301F-11D3-BF4B-00C04F79EFBC}") = "FssRecoveryTest", "tools\FssRecoveryTest\FssRecoveryTest.csproj", "{E99B261A-A2CD-43C7-B871-0FE218C75932}"
EndProject
Project("{FAE04EC0-301F-11D3-BF4B-00C04F79EFBC}") = "InjectFileEntries", "tools\InjectFileEntries\InjectFileEntries.csproj", "{7B57833D-3267-42BC-B5F2-56A1E599D718}"
EndProject
Project("{FAE04EC0-301F-11D3-BF4B-00C04F79EFBC}") = "LtDistributionTest", "tools\LtDistributionTest\LtDistributionTest.csproj", "{FA5D0893-4F8E-411F-A0AF-3C9C3EF9EDC1}"
EndProject
Project("{FAE04EC0-301F-11D3-BF4B-00C04F79EFBC}") = "ZSTDTest", "tools\ZSTDTest\ZSTDTest.csproj", "{F0E9E394-DF33-43FE-B576-16B69DA605CE}"
EndProject
Project("{FAE04EC0-301F-11D3-BF4B-00C04F79EFBC}") = "RDRF.Cli.Tests", "tests\RDRF.Cli.Tests\RDRF.Cli.Tests.csproj", "{B89FB98B-F35B-4321-BE45-CB9AB842A334}"
EndProject
Project("{FAE04EC0-301F-11D3-BF4B-00C04F79EFBC}") = "RDRF.App.Tests", "tests\RDRF.App.Tests\RDRF.App.Tests.csproj", "{108F142D-049C-4F46-B859-6B711929E6F5}"
EndProject
Project("{FAE04EC0-301F-11D3-BF4B-00C04F79EFBC}") = "TestServer", "tests\TestServer\TestServer.csproj", "{8E4D35EF-B25A-47D1-A273-0FF39F27F4B2}"
EndProject
Project("{2150E333-8FDC-42A3-9474-1A3956D46DE8}") = "tools", "tools", "{F3651845-CC39-4B14-8106-852640BCA932}"
EndProject
Project("{2150E333-8FDC-42A3-9474-1A3956D46DE8}") = "tests", "tests", "{05DCB279-245C-46E7-B992-4E2FA58C8459}"
EndProject
Global
	GlobalSection(SolutionConfigurationPlatforms) = preSolution
		Debug|Any CPU = Debug|Any CPU
		Release|Any CPU = Release|Any CPU
	EndGlobalSection
	GlobalSection(ProjectConfigurationPlatforms) = postSolution
		{A1B2C3D4-E5F6-7890-ABCD-EF1234567890}.Debug|Any CPU.ActiveCfg = Debug|Any CPU
		{A1B2C3D4-E5F6-7890-ABCD-EF1234567890}.Debug|Any CPU.Build.0 = Debug|Any CPU
		{A1B2C3D4-E5F6-7890-ABCD-EF1234567890}.Release|Any CPU.ActiveCfg = Release|Any CPU
		{A1B2C3D4-E5F6-7890-ABCD-EF1234567890}.Release|Any CPU.Build.0 = Release|Any CPU
		{C3D4E5F6-A7B8-9012-CDEF-123456789012}.Debug|Any CPU.ActiveCfg = Debug|Any CPU
		{C3D4E5F6-A7B8-9012-CDEF-123456789012}.Debug|Any CPU.Build.0 = Debug|Any CPU
		{C3D4E5F6-A7B8-9012-CDEF-123456789012}.Release|Any CPU.ActiveCfg = Release|Any CPU
		{C3D4E5F6-A7B8-9012-CDEF-123456789012}.Release|Any CPU.Build.0 = Release|Any CPU
		{B2C3D4E5-F6A7-8901-BCDE-F12345678901}.Debug|Any CPU.ActiveCfg = Debug|Any CPU
		{B2C3D4E5-F6A7-8901-BCDE-F12345678901}.Debug|Any CPU.Build.0 = Debug|Any CPU
		{B2C3D4E5-F6A7-8901-BCDE-F12345678901}.Release|Any CPU.ActiveCfg = Release|Any CPU
		{B2C3D4E5-F6A7-8901-BCDE-F12345678901}.Release|Any CPU.Build.0 = Release|Any CPU
		{E868820F-BCEE-4BD1-A23A-0BCE3CBA85CB}.Debug|Any CPU.ActiveCfg = Debug|Any CPU
		{E868820F-BCEE-4BD1-A23A-0BCE3CBA85CB}.Debug|Any CPU.Build.0 = Debug|Any CPU
		{E868820F-BCEE-4BD1-A23A-0BCE3CBA85CB}.Release|Any CPU.ActiveCfg = Release|Any CPU
		{E868820F-BCEE-4BD1-A23A-0BCE3CBA85CB}.Release|Any CPU.Build.0 = Release|Any CPU
		{631348EE-97AE-484F-A74B-36ED42D0FDA6}.Debug|Any CPU.ActiveCfg = Debug|Any CPU
		{631348EE-97AE-484F-A74B-36ED42D0FDA6}.Debug|Any CPU.Build.0 = Debug|Any CPU
		{631348EE-97AE-484F-A74B-36ED42D0FDA6}.Release|Any CPU.ActiveCfg = Release|Any CPU
		{631348EE-97AE-484F-A74B-36ED42D0FDA6}.Release|Any CPU.Build.0 = Release|Any CPU
		{D7106D09-67A6-4EF4-8642-373EE21054B7}.Debug|Any CPU.ActiveCfg = Debug|Any CPU
		{D7106D09-67A6-4EF4-8642-373EE21054B7}.Debug|Any CPU.Build.0 = Debug|Any CPU
		{D7106D09-67A6-4EF4-8642-373EE21054B7}.Release|Any CPU.ActiveCfg = Release|Any CPU
		{D7106D09-67A6-4EF4-8642-373EE21054B7}.Release|Any CPU.Build.0 = Release|Any CPU
		{54ABD176-23C2-406D-8041-035C3D09C04E}.Debug|Any CPU.ActiveCfg = Debug|Any CPU
		{54ABD176-23C2-406D-8041-035C3D09C04E}.Debug|Any CPU.Build.0 = Debug|Any CPU
		{54ABD176-23C2-406D-8041-035C3D09C04E}.Release|Any CPU.ActiveCfg = Release|Any CPU
		{54ABD176-23C2-406D-8041-035C3D09C04E}.Release|Any CPU.Build.0 = Release|Any CPU
		{BD15512E-C378-4695-B3B6-73839DE1128F}.Debug|Any CPU.ActiveCfg = Debug|Any CPU
		{BD15512E-C378-4695-B3B6-73839DE1128F}.Debug|Any CPU.Build.0 = Debug|Any CPU
		{BD15512E-C378-4695-B3B6-73839DE1128F}.Release|Any CPU.ActiveCfg = Release|Any CPU
		{BD15512E-C378-4695-B3B6-73839DE1128F}.Release|Any CPU.Build.0 = Release|Any CPU
		{75DFD43C-A630-41FB-BA5D-ED80DDACBAC4}.Debug|Any CPU.ActiveCfg = Debug|Any CPU
		{75DFD43C-A630-41FB-BA5D-ED80DDACBAC4}.Debug|Any CPU.Build.0 = Debug|Any CPU
		{75DFD43C-A630-41FB-BA5D-ED80DDACBAC4}.Release|Any CPU.ActiveCfg = Release|Any CPU
		{75DFD43C-A630-41FB-BA5D-ED80DDACBAC4}.Release|Any CPU.Build.0 = Release|Any CPU
		{55B6C0CF-3359-4B7D-844D-1D1F82D2067F}.Debug|Any CPU.ActiveCfg = Debug|Any CPU
		{55B6C0CF-3359-4B7D-844D-1D1F82D2067F}.Debug|Any CPU.Build.0 = Debug|Any CPU
		{55B6C0CF-3359-4B7D-844D-1D1F82D2067F}.Release|Any CPU.ActiveCfg = Release|Any CPU
		{55B6C0CF-3359-4B7D-844D-1D1F82D2067F}.Release|Any CPU.Build.0 = Release|Any CPU
		{F44763ED-7F28-46AB-91C5-470FD1B8AC3A}.Debug|Any CPU.ActiveCfg = Debug|Any CPU
		{F44763ED-7F28-46AB-91C5-470FD1B8AC3A}.Debug|Any CPU.Build.0 = Debug|Any CPU
		{F44763ED-7F28-46AB-91C5-470FD1B8AC3A}.Release|Any CPU.ActiveCfg = Release|Any CPU
		{F44763ED-7F28-46AB-91C5-470FD1B8AC3A}.Release|Any CPU.Build.0 = Release|Any CPU
		{AE367306-689D-4584-B1F5-1354BF01946E}.Debug|Any CPU.ActiveCfg = Debug|Any CPU
		{AE367306-689D-4584-B1F5-1354BF01946E}.Debug|Any CPU.Build.0 = Debug|Any CPU
		{AE367306-689D-4584-B1F5-1354BF01946E}.Release|Any CPU.ActiveCfg = Release|Any CPU
		{AE367306-689D-4584-B1F5-1354BF01946E}.Release|Any CPU.Build.0 = Release|Any CPU
		{E99B261A-A2CD-43C7-B871-0FE218C75932}.Debug|Any CPU.ActiveCfg = Debug|Any CPU
		{E99B261A-A2CD-43C7-B871-0FE218C75932}.Debug|Any CPU.Build.0 = Debug|Any CPU
		{E99B261A-A2CD-43C7-B871-0FE218C75932}.Release|Any CPU.ActiveCfg = Release|Any CPU
		{E99B261A-A2CD-43C7-B871-0FE218C75932}.Release|Any CPU.Build.0 = Release|Any CPU
		{7B57833D-3267-42BC-B5F2-56A1E599D718}.Debug|Any CPU.ActiveCfg = Debug|Any CPU
		{7B57833D-3267-42BC-B5F2-56A1E599D718}.Debug|Any CPU.Build.0 = Debug|Any CPU
		{7B57833D-3267-42BC-B5F2-56A1E599D718}.Release|Any CPU.ActiveCfg = Release|Any CPU
		{7B57833D-3267-42BC-B5F2-56A1E599D718}.Release|Any CPU.Build.0 = Release|Any CPU
		{FA5D0893-4F8E-411F-A0AF-3C9C3EF9EDC1}.Debug|Any CPU.ActiveCfg = Debug|Any CPU
		{FA5D0893-4F8E-411F-A0AF-3C9C3EF9EDC1}.Debug|Any CPU.Build.0 = Debug|Any CPU
		{FA5D0893-4F8E-411F-A0AF-3C9C3EF9EDC1}.Release|Any CPU.ActiveCfg = Release|Any CPU
		{FA5D0893-4F8E-411F-A0AF-3C9C3EF9EDC1}.Release|Any CPU.Build.0 = Release|Any CPU
		{F0E9E394-DF33-43FE-B576-16B69DA605CE}.Debug|Any CPU.ActiveCfg = Debug|Any CPU
		{F0E9E394-DF33-43FE-B576-16B69DA605CE}.Debug|Any CPU.Build.0 = Debug|Any CPU
		{F0E9E394-DF33-43FE-B576-16B69DA605CE}.Release|Any CPU.ActiveCfg = Release|Any CPU
		{F0E9E394-DF33-43FE-B576-16B69DA605CE}.Release|Any CPU.Build.0 = Release|Any CPU
		{B89FB98B-F35B-4321-BE45-CB9AB842A334}.Debug|Any CPU.ActiveCfg = Debug|Any CPU
		{B89FB98B-F35B-4321-BE45-CB9AB842A334}.Debug|Any CPU.Build.0 = Debug|Any CPU
		{B89FB98B-F35B-4321-BE45-CB9AB842A334}.Release|Any CPU.ActiveCfg = Release|Any CPU
		{B89FB98B-F35B-4321-BE45-CB9AB842A334}.Release|Any CPU.Build.0 = Release|Any CPU
		{108F142D-049C-4F46-B859-6B711929E6F5}.Debug|Any CPU.ActiveCfg = Debug|Any CPU
		{108F142D-049C-4F46-B859-6B711929E6F5}.Debug|Any CPU.Build.0 = Debug|Any CPU
		{108F142D-049C-4F46-B859-6B711929E6F5}.Release|Any CPU.ActiveCfg = Release|Any CPU
		{108F142D-049C-4F46-B859-6B711929E6F5}.Release|Any CPU.Build.0 = Release|Any CPU
		{8E4D35EF-B25A-47D1-A273-0FF39F27F4B2}.Debug|Any CPU.ActiveCfg = Debug|Any CPU
		{8E4D35EF-B25A-47D1-A273-0FF39F27F4B2}.Debug|Any CPU.Build.0 = Debug|Any CPU
		{8E4D35EF-B25A-47D1-A273-0FF39F27F4B2}.Release|Any CPU.ActiveCfg = Release|Any CPU
		{8E4D35EF-B25A-47D1-A273-0FF39F27F4B2}.Release|Any CPU.Build.0 = Release|Any CPU
	EndGlobalSection
	GlobalSection(NestedProjects) = preSolution
		{E868820F-BCEE-4BD1-A23A-0BCE3CBA85CB} = {E3558952-DB4D-41FC-8072-84B020A795C4}
		{631348EE-97AE-484F-A74B-36ED42D0FDA6} = {F3651845-CC39-4B14-8106-852640BCA932}
		{D7106D09-67A6-4EF4-8642-373EE21054B7} = {F3651845-CC39-4B14-8106-852640BCA932}
		{54ABD176-23C2-406D-8041-035C3D09C04E} = {F3651845-CC39-4B14-8106-852640BCA932}
		{BD15512E-C378-4695-B3B6-73839DE1128F} = {F3651845-CC39-4B14-8106-852640BCA932}
		{75DFD43C-A630-41FB-BA5D-ED80DDACBAC4} = {F3651845-CC39-4B14-8106-852640BCA932}
		{55B6C0CF-3359-4B7D-844D-1D1F82D2067F} = {F3651845-CC39-4B14-8106-852640BCA932}
		{F44763ED-7F28-46AB-91C5-470FD1B8AC3A} = {F3651845-CC39-4B14-8106-852640BCA932}
		{AE367306-689D-4584-B1F5-1354BF01946E} = {F3651845-CC39-4B14-8106-852640BCA932}
		{E99B261A-A2CD-43C7-B871-0FE218C75932} = {F3651845-CC39-4B14-8106-852640BCA932}
		{7B57833D-3267-42BC-B5F2-56A1E599D718} = {F3651845-CC39-4B14-8106-852640BCA932}
		{FA5D0893-4F8E-411F-A0AF-3C9C3EF9EDC1} = {F3651845-CC39-4B14-8106-852640BCA932}
		{F0E9E394-DF33-43FE-B576-16B69DA605CE} = {F3651845-CC39-4B14-8106-852640BCA932}
		{B89FB98B-F35B-4321-BE45-CB9AB842A334} = {05DCB279-245C-46E7-B992-4E2FA58C8459}
		{108F142D-049C-4F46-B859-6B711929E6F5} = {05DCB279-245C-46E7-B992-4E2FA58C8459}
		{8E4D35EF-B25A-47D1-A273-0FF39F27F4B2} = {05DCB279-245C-46E7-B992-4E2FA58C8459}
	EndGlobalSection
EndGlobal
